// !$*UTF8*$!
{
	archiveVersion = 1;
	classes = {
	};
	objectVersion = 55;
	objects = {

/* Begin PBXBuildFile section */
		1325E12727CC03D800FFD9EA /* RecipeApp.swift in Sources */ = {isa = PBXBuildFile; fileRef = 1325E12627CC03D800FFD9EA /* RecipeApp.swift */; };
		1325E12927CC03D800FFD9EA /* ContentView.swift in Sources */ = {isa = PBXBuildFile; fileRef = 1325E12827CC03D800FFD9EA /* ContentView.swift */; };
		1325E12B27CC03DA00FFD9EA /* Assets.xcassets in Resources */ = {isa = PBXBuildFile; fileRef = 1325E12A27CC03DA00FFD9EA /* Assets.xcassets */; };
		1325E12E27CC03DA00FFD9EA /* Preview Assets.xcassets in Resources */ = {isa = PBXBuildFile; fileRef = 1325E12D27CC03DA00FFD9EA /* Preview Assets.xcassets */; };
		1325E13B27CC1E6D00FFD9EA /* HomeView.swift in Sources */ = {isa = PBXBuildFile; fileRef = 1325E13A27CC1E6D00FFD9EA /* HomeView.swift */; };
		1325E13D27CC1E7900FFD9EA /* CategoriesView.swift in Sources */ = {isa = PBXBuildFile; fileRef = 1325E13C27CC1E7900FFD9EA /* CategoriesView.swift */; };
		1325E13F27CC1E8900FFD9EA /* NewRecipeView.swift in Sources */ = {isa = PBXBuildFile; fileRef = 1325E13E27CC1E8900FFD9EA /* NewRecipeView.swift */; };
		1325E14127CC1E9700FFD9EA /* FavoritesView.swift in Sources */ = {isa = PBXBuildFile; fileRef = 1325E14027CC1E9700FFD9EA /* FavoritesView.swift */; };
		1325E14327CC1E9E00FFD9EA /* SettingsView.swift in Sources */ = {isa = PBXBuildFile; fileRef = 1325E14227CC1E9E00FFD9EA /* SettingsView.swift */; };
		1325E14527CC296400FFD9EA /* TabBar.swift in Sources */ = {isa = PBXBuildFile; fileRef = 1325E14427CC296400FFD9EA /* TabBar.swift */; };
		1325E14727CC2BF400FFD9EA /* RecipeModel.swift in Sources */ = {isa = PBXBuildFile; fileRef = 1325E14627CC2BF400FFD9EA /* RecipeModel.swift */; };
/* End PBXBuildFile section */

/* Begin PBXFileReference section */
		1325E12327CC03D800FFD9EA /* Recipe.app */ = {isa = PBXFileReference; explicitFileType = wrapper.application; includeInIndex = 0; path = Recipe.app; sourceTree = BUILT_PRODUCTS_DIR; };
		1325E12627CC03D800FFD9EA /* RecipeApp.swift */ = {isa = PBXFileReference; lastKnownFileType = sourcecode.swift; path = RecipeApp.swift; sourceTree = "<group>"; };
		1325E12827CC03D800FFD9EA /* ContentView.swift */ = {isa = PBXFileReference; lastKnownFileType = sourcecode.swift; path = ContentView.swift; sourceTree = "<group>"; };
		1325E12A27CC03DA00FFD9EA /* Assets.xcassets */ = {isa = PBXFileReference; lastKnownFileType = folder.assetcatalog; path = Assets.xcassets; sourceTree = "<group>"; };
		1325E12D27CC03DA00FFD9EA /* Preview Assets.xcassets */ = {isa = PBXFileReference; lastKnownFileType = folder.assetcatalog; path = "Preview Assets.xcassets"; sourceTree = "<group>"; };
		1325E13A27CC1E6D00FFD9EA /* HomeView.swift */ = {isa = PBXFileReference; lastKnownFileType = sourcecode.swift; path = HomeView.swift; sourceTree = "<group>"; };
		1325E13C27CC1E7900FFD9EA /* CategoriesView.swift */ = {isa = PBXFileReference; lastKnownFileType = sourcecode.swift; path = CategoriesView.swift; sourceTree = "<group>"; };
		1325E13E27CC1E8900FFD9EA /* NewRecipeView.swift */ = {isa = PBXFileReference; lastKnownFileType = sourcecode.swift; path = NewRecipeView.swift; sourceTree = "<group>"; };
		1325E14027CC1E9700FFD9EA /* FavoritesView.swift */ = {isa = PBXFileReference; lastKnownFileType = sourcecode.swift; path = FavoritesView.swift; sourceTree = "<group>"; };
		1325E14227CC1E9E00FFD9EA /* SettingsView.swift */ = {isa = PBXFileReference; lastKnownFileType = sourcecode.swift; path = SettingsView.swift; sourceTree = "<group>"; };
		1325E14427CC296400FFD9EA /* TabBar.swift */ = {isa = PBXFileReference; lastKnownFileType = sourcecode.swift; path = TabBar.swift; sourceTree = "<group>"; };
		1325E14627CC2BF400FFD9EA /* RecipeModel.swift */ = {isa = PBXFileReference; lastKnownFileType = sourcecode.swift; path = RecipeModel.swift; sourceTree = "<group>"; };
/* End PBXFileReference section */

/* Begin PBXFrameworksBuildPhase section */
		1325E12027CC03D800FFD9EA /* Frameworks */ = {
			isa = PBXFrameworksBuildPhase;
			buildActionMask = 2147483647;
			files = (
			);
			runOnlyForDeploymentPostprocessing = 0;
		};
/* End PBXFrameworksBuildPhase section */

/* Begin PBXGroup section */
		1325E11A27CC03D800FFD9EA = {
			isa = PBXGroup;
			children = (
				1325E12527CC03D800FFD9EA /* Recipe */,
				1325E12427CC03D800FFD9EA /* Products */,
			);
			sourceTree = "<group>";
		};
		1325E12427CC03D800FFD9EA /* Products */ = {
			isa = PBXGroup;
			children = (
				1325E12327CC03D800FFD9EA /* Recipe.app */,
			);
			name = Products;
			sourceTree = "<group>";
		};
		1325E12527CC03D800FFD9EA /* Recipe */ = {
			isa = PBXGroup;
			children = (
				1325E12627CC03D800FFD9EA /* RecipeApp.swift */,
				1325E13427CC03E500FFD9EA /* Views */,
				1325E13827CC042000FFD9EA /* Models */,
				1325E13727CC03FC00FFD9EA /* ViewModels */,
				1325E12A27CC03DA00FFD9EA /* Assets.xcassets */,
				1325E12C27CC03DA00FFD9EA /* Preview Content */,
			);
			path = Recipe;
			sourceTree = "<group>";
		};
		1325E12C27CC03DA00FFD9EA /* Preview Content */ = {
			isa = PBXGroup;
			children = (
				1325E12D27CC03DA00FFD9EA /* Preview Assets.xcassets */,
			);
			path = "Preview Content";
			sourceTree = "<group>";
		};
		1325E13427CC03E500FFD9EA /* Views */ = {
			isa = PBXGroup;
			children = (
				1325E13927CC044C00FFD9EA /* Main */,
				1325E13627CC03F100FFD9EA /* Detail */,
				1325E13527CC03EB00FFD9EA /* Components */,
			);
			path = Views;
			sourceTree = "<group>";
		};
		1325E13527CC03EB00FFD9EA /* Components */ = {
			isa = PBXGroup;
			children = (
			);
			path = Components;
			sourceTree = "<group>";
		};
		1325E13627CC03F100FFD9EA /* Detail */ = {
			isa = PBXGroup;
			children = (
			);
			path = Detail;
			sourceTree = "<group>";
		};
		1325E13727CC03FC00FFD9EA /* ViewModels */ = {
			isa = PBXGroup;
			children = (
			);
			path = ViewModels;
			sourceTree = "<group>";
		};
		1325E13827CC042000FFD9EA /* Models */ = {
			isa = PBXGroup;
			children = (
				1325E14627CC2BF400FFD9EA /* RecipeModel.swift */,
			);
			path = Models;
			sourceTree = "<group>";
		};
		1325E13927CC044C00FFD9EA /* Main */ = {
			isa = PBXGroup;
			children = (
				1325E12827CC03D800FFD9EA /* ContentView.swift */,
				1325E14427CC296400FFD9EA /* TabBar.swift */,
				1325E13A27CC1E6D00FFD9EA /* HomeView.swift */,
				1325E13C27CC1E7900FFD9EA /* CategoriesView.swift */,
				1325E13E27CC1E8900FFD9EA /* NewRecipeView.swift */,
				1325E14027CC1E9700FFD9EA /* FavoritesView.swift */,
				1325E14227CC1E9E00FFD9EA /* SettingsView.swift */,
			);
			path = Main;
			sourceTree = "<group>";
		};
/* End PBXGroup section */

/* Begin PBXNativeTarget section */
		1325E12227CC03D800FFD9EA /* Recipe */ = {
			isa = PBXNativeTarget;
			buildConfigurationList = 1325E13127CC03DA00FFD9EA /* Build configuration list for PBXNativeTarget "Recipe" */;
			buildPhases = (
				1325E11F27CC03D800FFD9EA /* Sources */,
				1325E12027CC03D800FFD9EA /* Frameworks */,
				1325E12127CC03D800FFD9EA /* Resources */,
			);
			buildRules = (
			);
			dependencies = (
			);
			name = Recipe;
			productName = Recipe;
			productReference = 1325E12327CC03D800FFD9EA /* Recipe.app */;
			productType = "com.apple.product-type.application";
		};
/* End PBXNativeTarget section */

/* Begin PBXProject section */
		1325E11B27CC03D800FFD9EA /* Project object */ = {
			isa = PBXProject;
			attributes = {
				BuildIndependentTargetsInParallel = 1;
				LastSwiftUpdateCheck = 1310;
				LastUpgradeCheck = 1310;
				TargetAttributes = {
					1325E12227CC03D800FFD9EA = {
						CreatedOnToolsVersion = 13.1;
					};
				};
			};
			buildConfigurationList = 1325E11E27CC03D800FFD9EA /* Build configuration list for PBXProject "Recipe" */;
			compatibilityVersion = "Xcode 13.0";
			developmentRegion = en;
			hasScannedForEncodings = 0;
			knownRegions = (
				en,
				Base,
			);
			mainGroup = 1325E11A27CC03D800FFD9EA;
			productRefGroup = 1325E12427CC03D800FFD9EA /* Products */;
			projectDirPath = "";
			projectRoot = "";
			targets = (
				1325E12227CC03D800FFD9EA /* Recipe */,
			);
		};
/* End PBXProject section */

/* Begin PBXResourcesBuildPhase section */
		1325E12127CC03D800FFD9EA /* Resources */ = {
			isa = PBXResourcesBuildPhase;
			buildActionMask = 2147483647;
			files = (
				1325E12E27CC03DA00FFD9EA /* Preview Assets.xcassets in Resources */,
				1325E12B27CC03DA00FFD9EA /* Assets.xcassets in Resources */,
			);
			runOnlyForDeploymentPostprocessing = 0;
		};
/* End PBXResourcesBuildPhase section */

/* Begin PBXSourcesBuildPhase section */
		1325E11F27CC03D800FFD9EA /* Sources */ = {
			isa = PBXSourcesBuildPhase;
			buildActionMask = 2147483647;
			files = (
				1325E14327CC1E9E00FFD9EA /* SettingsView.swift in Sources */,
				1325E13D27CC1E7900FFD9EA /* CategoriesView.swift in Sources */,
				1325E13F27CC1E8900FFD9EA /* NewRecipeView.swift in Sources */,
				1325E14527CC296400FFD9EA /* TabBar.swift in Sources */,
				1325E14127CC1E9700FFD9EA /* FavoritesView.swift in Sources */,
				1325E13B27CC1E6D00FFD9EA /* HomeView.swift in Sources */,
				1325E12927CC03D800FFD9EA /* ContentView.swift in Sources */,
				1325E12727CC03D800FFD9EA /* RecipeApp.swift in Sources */,
				1325E14727CC2BF400FFD9EA /* RecipeModel.swift in Sources */,
			);
			runOnlyForDeploymentPostprocessing = 0;
		};
/* End PBXSourcesBuildPhase section */

/* Begin XCBuildConfiguration section */
		1325E12F27CC03DA00FFD9EA /* Debug */ = {
			isa = XCBuildConfiguration;
			buildSettings = {
				ALWAYS_SEARCH_USER_PATHS = NO;
				CLANG_ANALYZER_NONNULL = YES;
				CLANG_ANALYZER_NUMBER_OBJECT_CONVERSION = YES_AGGRESSIVE;
				CLANG_CXX_LANGUAGE_STANDARD = "gnu++17";
				CLANG_CXX_LIBRARY = "libc++";
				CLANG_ENABLE_MODULES = YES;
				CLANG_ENABLE_OBJC_ARC = YES;
				CLANG_ENABLE_OBJC_WEAK = YES;
				CLANG_WARN_BLOCK_CAPTURE_AUTORELEASING = YES;
				CLANG_WARN_BOOL_CONVERSION = YES;
				CLANG_WARN_COMMA = YES;
				CLANG_WARN_CONSTANT_CONVERSION = YES;
				CLANG_WARN_DEPRECATED_OBJC_IMPLEMENTATIONS = YES;
				CLANG_WARN_DIRECT_OBJC_ISA_USAGE = YES_ERROR;
				CLANG_WARN_DOCUMENTATION_COMMENTS = YES;
				CLANG_WARN_EMPTY_BODY = YES;
				CLANG_WARN_ENUM_CONVERSION = YES;
				CLANG_WARN_INFINITE_RECURSION = YES;
				CLANG_WARN_INT_CONVERSION = YES;
				CLANG_WARN_NON_LITERAL_NULL_CONVERSION = YES;
				CLANG_WARN_OBJC_IMPLICIT_RETAIN_SELF = YES;
				CLANG_WARN_OBJC_LITERAL_CONVERSION = YES;
				CLANG_WARN_OBJC_ROOT_CLASS = YES_ERROR;
				CLANG_WARN_QUOTED_INCLUDE_IN_FRAMEWORK_HEADER = YES;
				CLANG_WARN_RANGE_LOOP_ANALYSIS = YES;
				CLANG_WARN_STRICT_PROTOTYPES = YES;
				CLANG_WARN_SUSPICIOUS_MOVE = YES;
				CLANG_WARN_UNGUARDED_AVAILABILITY = YES_AGGRESSIVE;
				CLANG_WARN_UNREACHABLE_CODE = YES;
				CLANG_WARN__DUPLICATE_METHOD_MATCH = YES;
				COPY_PHASE_STRIP = NO;
				DEBUG_INFORMATION_FORMAT = dwarf;
				ENABLE_STRICT_OBJC_MSGSEND = YES;
				ENABLE_TESTABILITY = YES;
				GCC_C_LANGUAGE_STANDARD = gnu11;
				GCC_DYNAMIC_NO_PIC = NO;
				GCC_NO_COMMON_BLOCKS = YES;
				GCC_OPTIMIZATION_LEVEL = 0;
				GCC_PREPROCESSOR_DEFINITIONS = (
					"DEBUG=1",
					"$(inherited)",
				);
				GCC_WARN_64_TO_32_BIT_CONVERSION = YES;
				GCC_WARN_ABOUT_RETURN_TYPE = YES_ERROR;
				GCC_WARN_UNDECLARED_SELECTOR = YES;
				GCC_WARN_UNINITIALIZED_AUTOS = YES_AGGRESSIVE;
				GCC_WARN_UNUSED_FUNCTION = YES;
				GCC_WARN_UNUSED_VARIABLE = YES;
				IPHONEOS_DEPLOYMENT_TARGET = 15.0;
				MTL_ENABLE_DEBUG_INFO = INCLUDE_SOURCE;
				MTL_FAST_MATH = YES;
				ONLY_ACTIVE_ARCH = YES;
				SDKROOT = iphoneos;
				SWIFT_ACTIVE_COMPILATION_CONDITIONS = DEBUG;
				SWIFT_OPTIMIZATION_LEVEL = "-Onone";
			};
			name = Debug;
		};
		1325E13027CC03DA00FFD9EA /* Release */ = {
			isa = XCBuildConfiguration;
			buildSettings = {
				ALWAYS_SEARCH_USER_PATHS = NO;
				CLANG_ANALYZER_NONNULL = YES;
				CLANG_ANALYZER_NUMBER_OBJECT_CONVERSION = YES_AGGRESSIVE;
				CLANG_CXX_LANGUAGE_STANDARD = "gnu++17";
				CLANG_CXX_LIBRARY = "libc++";
				CLANG_ENABLE_MODULES = YES;
				CLANG_ENABLE_OBJC_ARC = YES;
				CLANG_ENABLE_OBJC_WEAK = YES;
				CLANG_WARN_BLOCK_CAPTURE_AUTORELEASING = YES;
				CLANG_WARN_BOOL_CONVERSION = YES;
				CLANG_WARN_COMMA = YES;
				CLANG_WARN_CONSTANT_CONVERSION = YES;
				CLANG_WARN_DEPRECATED_OBJC_IMPLEMENTATIONS = YES;
				CLANG_WARN_DIRECT_OBJC_ISA_USAGE = YES_ERROR;
				CLANG_WARN_DOCUMENTATION_COMMENTS = YES;
				CLANG_WARN_EMPTY_BODY = YES;
				CLANG_WARN_ENUM_CONVERSION = YES;
				CLANG_WARN_INFINITE_RECURSION = YES;
				CLANG_WARN_INT_CONVERSION = YES;
				CLANG_WARN_NON_LITERAL_NULL_CONVERSION = YES;
				CLANG_WARN_OBJC_IMPLICIT_RETAIN_SELF = YES;
				CLANG_WARN_OBJC_LITERAL_CONVERSION = YES;
				CLANG_WARN_OBJC_ROOT_CLASS = YES_ERROR;
				CLANG_WARN_QUOTED_INCLUDE_IN_FRAMEWORK_HEADER = YES;
				CLANG_WARN_RANGE_LOOP_ANALYSIS = YES;
				CLANG_WARN_STRICT_PROTOTYPES = YES;
				CLANG_WARN_SUSPICIOUS_MOVE = YES;
				CLANG_WARN_UNGUARDED_AVAILABILITY = YES_AGGRESSIVE;
				CLANG_WARN_UNREACHABLE_CODE = YES;
				CLANG_WARN__DUPLICATE_METHOD_MATCH = YES;
				COPY_PHASE_STRIP = NO;
				DEBUG_INFORMATION_FORMAT = "dwarf-with-dsym";
				ENABLE_NS_ASSERTIONS = NO;
				ENABLE_STRICT_OBJC_MSGSEND = YES;
				GCC_C_LANGUAGE_STANDARD = gnu11;
				GCC_NO_COMMON_BLOCKS = YES;
				GCC_WARN_64_TO_32_BIT_CONVERSION = YES;
				GCC_WARN_ABOUT_RETURN_TYPE = YES_ERROR;
				GCC_WARN_UNDECLARED_SELECTOR = YES;
				GCC_WARN_UNINITIALIZED_AUTOS = YES_AGGRESSIVE;
				GCC_WARN_UNUSED_FUNCTION = YES;
				GCC_WARN_UNUSED_VARIABLE = YES;
				IPHONEOS_DEPLOYMENT_TARGET = 15.0;
				MTL_ENABLE_DEBUG_INFO = NO;
				MTL_FAST_MATH = YES;
				SDKROOT = iphoneos;
				SWIFT_COMPILATION_MODE = wholemodule;
				SWIFT_OPTIMIZATION_LEVEL = "-O";
				VALIDATE_PRODUCT = YES;
			};
			name = Release;
		};
		1325E13227CC03DA00FFD9EA /* Debug */ = {
			isa = XCBuildConfiguration;
			buildSettings = {
				ASSETCATALOG_COMPILER_APPICON_NAME = AppIcon;
				ASSETCATALOG_COMPILER_GLOBAL_ACCENT_COLOR_NAME = AccentColor;
				CODE_SIGN_STYLE = Automatic;
				CURRENT_PROJECT_VERSION = 1;
				DEVELOPMENT_ASSET_PATHS = "\"Recipe/Preview Content\"";
				DEVELOPMENT_TEAM = 3GF2JZCKK3;
				ENABLE_PREVIEWS = YES;
				GENERATE_INFOPLIST_FILE = YES;
				INFOPLIST_KEY_UIApplicationSceneManifest_Generation = YES;
				INFOPLIST_KEY_UIApplicationSupportsIndirectInputEvents = YES;
				INFOPLIST_KEY_UILaunchScreen_Generation = YES;
				INFOPLIST_KEY_UISupportedInterfaceOrientations_iPad = "UIInterfaceOrientationPortrait UIInterfaceOrientationPortraitUpsideDown UIInterfaceOrientationLandscapeLeft UIInterfaceOrientationLandscapeRight";
				INFOPLIST_KEY_UISupportedInterfaceOrientations_iPhone = "UIInterfaceOrientationPortrait UIInterfaceOrientationLandscapeLeft UIInterfaceOrientationLandscapeRight";
				LD_RUNPATH_SEARCH_PATHS = (
					"$(inherited)",
					"@executable_path/Frameworks",
				);
				MARKETING_VERSION = 1.0;
				PRODUCT_BUNDLE_IDENTIFIER = ngeri6.Recipe;
				PRODUCT_NAME = "$(TARGET_NAME)";
				SWIFT_EMIT_LOC_STRINGS = YES;
				SWIFT_VERSION = 5.0;
				TARGETED_DEVICE_FAMILY = "1,2";
			};
			name = Debug;
		};
		1325E13327CC03DA00FFD9EA /* Release */ = {
			isa = XCBuildConfiguration;
			buildSettings = {
				ASSETCATALOG_COMPILER_APPICON_NAME = AppIcon;
				ASSETCATALOG_COMPILER_GLOBAL_ACCENT_COLOR_NAME = AccentColor;
				CODE_SIGN_STYLE = Automatic;
				CURRENT_PROJECT_VERSION = 1;
				DEVELOPMENT_ASSET_PATHS = "\"Recipe/Preview Content\"";
				DEVELOPMENT_TEAM = 3GF2JZCKK3;
				ENABLE_PREVIEWS = YES;
				GENERATE_INFOPLIST_FILE = YES;
				INFOPLIST_KEY_UIApplicationSceneManifest_Generation = YES;
				INFOPLIST_KEY_UIApplicationSupportsIndirectInputEvents = YES;
				INFOPLIST_KEY_UILaunchScreen_Generation = YES;
				INFOPLIST_KEY_UISupportedInterfaceOrientations_iPad = "UIInterfaceOrientationPortrait UIInterfaceOrientationPortraitUpsideDown UIInterfaceOrientationLandscapeLeft UIInterfaceOrientationLandscapeRight";
				INFOPLIST_KEY_UISupportedInterfaceOrientations_iPhone = "UIInterfaceOrientationPortrait UIInterfaceOrientationLandscapeLeft UIInterfaceOrientationLandscapeRight";
				LD_RUNPATH_SEARCH_PATHS = (
					"$(inherited)",
					"@executable_path/Frameworks",
				);
				MARKETING_VERSION = 1.0;
				PRODUCT_BUNDLE_IDENTIFIER = ngeri6.Recipe;
				PRODUCT_NAME = "$(TARGET_NAME)";
				SWIFT_EMIT_LOC_STRINGS = YES;
				SWIFT_VERSION = 5.0;
				TARGETED_DEVICE_FAMILY = "1,2";
			};
			name = Release;
		};
/* End XCBuildConfiguration section */

/* Begin XCConfigurationList section */
		1325E11E27CC03D800FFD9EA /* Build configuration list for PBXProject "Recipe" */ = {
			isa = XCConfigurationList;
			buildConfigurations = (
				1325E12F27CC03DA00FFD9EA /* Debug */,
				1325E13027CC03DA00FFD9EA /* Release */,
			);
			defaultConfigurationIsVisible = 0;
			defaultConfigurationName = Release;
		};
		1325E13127CC03DA00FFD9EA /* Build configuration list for PBXNativeTarget "Recipe" */ = {
			isa = XCConfigurationList;
			buildConfigurations = (
				1325E13227CC03DA00FFD9EA /* Debug */,
				1325E13327CC03DA00FFD9EA /* Release */,
			);
			defaultConfigurationIsVisible = 0;
			defaultConfigurationName = Release;
		};
/* End XCConfigurationList section */
	};
	rootObject = 1325E11B27CC03D800FFD9EA /* Project object */;
}
